
Microsoft Visual Studio Solution File, Format Version 12.00
# Visual Studio 15
VisualStudioVersion = 15.0.28307.1231
MinimumVisualStudioVersion = 10.0.40219.1
Project("{FAE04EC0-301F-11D3-BF4B-00C04F79EFBC}") = "BoardF", "BoardF\BoardF.csproj", "{8461F1E0-37CB-4C14-99E0-4D27DA522968}"
EndProject
Project("{FAE04EC0-301F-11D3-BF4B-00C04F79EFBC}") = "BoardFTests", "BoardFTests\BoardFTests.csproj", "{329F8235-FED9-455D-B026-B103AA480BD5}"
EndProject
Global
	GlobalSection(SolutionConfigurationPlatforms) = preSolution
		Debug|Any CPU = Debug|Any CPU
		Release|Any CPU = Release|Any CPU
	EndGlobalSection
	GlobalSection(ProjectConfigurationPlatforms) = postSolution
		{8461F1E0-37CB-4C14-99E0-4D27DA522968}.Debug|Any CPU.ActiveCfg = Debug|Any CPU
		{8461F1E0-37CB-4C14-99E0-4D27DA522968}.Debug|Any CPU.Build.0 = Debug|Any CPU
		{8461F1E0-37CB-4C14-99E0-4D27DA522968}.Release|Any CPU.ActiveCfg = Release|Any CPU
		{8461F1E0-37CB-4C14-99E0-4D27DA522968}.Release|Any CPU.Build.0 = Release|Any CPU
		{329F8235-FED9-455D-B026-B103AA480BD5}.Debug|Any CPU.ActiveCfg = Debug|Any CPU
		{329F8235-FED9-455D-B026-B103AA480BD5}.Debug|Any CPU.Build.0 = Debug|Any CPU
		{329F8235-FED9-455D-B026-B103AA480BD5}.Release|Any CPU.ActiveCfg = Release|Any CPU
		{329F8235-FED9-455D-B026-B103AA480BD5}.Release|Any CPU.Build.0 = Release|Any CPU
	EndGlobalSection
	GlobalSection(SolutionProperties) = preSolution
		HideSolutionNode = FALSE
	EndGlobalSection
	GlobalSection(ExtensibilityGlobals) = postSolution
		SolutionGuid = {A0BCB7D4-4A00-4387-B05E-C8BDD41AA1E2}
	EndGlobalSection
EndGlobal
